# This is a Gradle generated file for dependency locking.
# Manual edits can break the build and are not advised.
# This file is expected to be part of source control.
ch.qos.logback:logback-classic:1.5.11=testCompileClasspath,testImplementationDependenciesMetadata,testRuntimeClasspath
ch.qos.logback:logback-core:1.5.11=testCompileClasspath,testImplementationDependenciesMetadata,testRuntimeClasspath
com.fasterxml.jackson.core:jackson-annotations:2.18.8=dokkaGfmPartialPlugin,dokkaGfmPartialRuntime,dokkaGfmPlugin,dokkaGfmRuntime,dokkaHtmlPartialPlugin,dokkaHtmlPartialRuntime,dokkaHtmlPlugin,dokkaHtmlRuntime,dokkaJavadocPartialPlugin,dokkaJavadocPartialRuntime,dokkaJavadocPlugin,dokkaJavadocRuntime,dokkaJekyllPartialPlugin,dokkaJekyllPartialRuntime,dokkaJekyllPlugin,dokkaJekyllRuntime
com.fasterxml.jackson.core:jackson-core:2.18.8=dokkaGfmPartialPlugin,dokkaGfmPartialRuntime,dokkaGfmPlugin,dokkaGfmRuntime,dokkaHtmlPartialPlugin,dokkaHtmlPartialRuntime,dokkaHtmlPlugin,dokkaHtmlRuntime,dokkaJavadocPartialPlugin,dokkaJavadocPartialRuntime,dokkaJavadocPlugin,dokkaJavadocRuntime,dokkaJekyllPartialPlugin,dokkaJekyllPartialRuntime,dokkaJekyllPlugin,dokkaJekyllRuntime
com.fasterxml.jackson.core:jackson-databind:2.18.8=dokkaGfmPartialPlugin,dokkaGfmPartialRuntime,dokkaGfmPlugin,dokkaGfmRuntime,dokkaHtmlPartialPlugin,dokkaHtmlPartialRuntime,dokkaHtmlPlugin,dokkaHtmlRuntime,dokkaJavadocPartialPlugin,dokkaJavadocPartialRuntime,dokkaJavadocPlugin,dokkaJavadocRuntime,dokkaJekyllPartialPlugin,dokkaJekyllPartialRuntime,dokkaJekyllPlugin,dokkaJekyllRuntime
com.fasterxml.jackson.dataformat:jackson-dataformat-xml:2.18.8=dokkaGfmPartialRuntime,dokkaGfmRuntime,dokkaHtmlPartialRuntime,dokkaHtmlRuntime,dokkaJavadocPartialRuntime,dokkaJavadocRuntime,dokkaJekyllPartialRuntime,dokkaJekyllRuntime
com.fasterxml.jackson.module:jackson-module-kotlin:2.18.8=dokkaGfmPartialPlugin,dokkaGfmPartialRuntime,dokkaGfmPlugin,dokkaGfmRuntime,dokkaHtmlPartialPlugin,dokkaHtmlPartialRuntime,dokkaHtmlPlugin,dokkaHtmlRuntime,dokkaJavadocPartialPlugin,dokkaJavadocPartialRuntime,dokkaJavadocPlugin,dokkaJavadocRuntime,dokkaJekyllPartialPlugin,dokkaJekyllPartialRuntime,dokkaJekyllPlugin,dokkaJekyllRuntime
com.fasterxml.jackson:jackson-bom:2.18.8=dokkaGfmPartialPlugin,dokkaGfmPartialRuntime,dokkaGfmPlugin,dokkaGfmRuntime,dokkaHtmlPartialPlugin,dokkaHtmlPartialRuntime,dokkaHtmlPlugin,dokkaHtmlRuntime,dokkaJavadocPartialPlugin,dokkaJavadocPartialRuntime,dokkaJavadocPlugin,dokkaJavadocRuntime,dokkaJekyllPartialPlugin,dokkaJekyllPartialRuntime,dokkaJekyllPlugin,dokkaJekyllRuntime
com.fasterxml.woodstox:woodstox-core:7.0.0=dokkaGfmPartialRuntime,dokkaGfmRuntime,dokkaHtmlPartialRuntime,dokkaHtmlRuntime,dokkaJavadocPartialRuntime,dokkaJavadocRuntime,dokkaJekyllPartialRuntime,dokkaJekyllRuntime
com.soywiz.korlibs.korte:korte-jvm:4.0.10=dokkaJavadocPlugin
com.zaxxer:HikariCP:5.1.0=testCompileClasspath,testImplementationDependenciesMetadata,testRuntimeClasspath
io.micrometer:micrometer-commons:1.12.11=compileClasspath,compileOnlyDependenciesMetadata,testCompileClasspath,testImplementationDependenciesMetadata,testRuntimeClasspath
io.micrometer:micrometer-observation:1.12.11=compileClasspath,compileOnlyDependenciesMetadata,testCompileClasspath,testImplementationDependenciesMetadata,testRuntimeClasspath
it.unimi.dsi:fastutil-core:8.5.12=dokkaGfmPartialPlugin,dokkaGfmPlugin,dokkaHtmlPartialPlugin,dokkaHtmlPlugin,dokkaJavadocPartialPlugin,dokkaJavadocPlugin,dokkaJekyllPartialPlugin,dokkaJekyllPlugin
jakarta.annotation:jakarta.annotation-api:2.1.1=testCompileClasspath,testImplementationDependenciesMetadata,testRuntimeClasspath
org.apache.logging.log4j:log4j-api:2.23.1=testCompileClasspath,testImplementationDependenciesMetadata,testRuntimeClasspath
org.apache.logging.log4j:log4j-to-slf4j:2.23.1=testCompileClasspath,testImplementationDependenciesMetadata,testRuntimeClasspath
org.apiguardian:apiguardian-api:1.1.2=testCompileClasspath,testImplementationDependenciesMetadata
org.codehaus.woodstox:stax2-api:4.2.2=dokkaGfmPartialRuntime,dokkaGfmRuntime,dokkaHtmlPartialRuntime,dokkaHtmlRuntime,dokkaJavadocPartialRuntime,dokkaJavadocRuntime,dokkaJekyllPartialRuntime,dokkaJekyllRuntime
org.duckdb:duckdb_jdbc:1.1.3=testRuntimeClasspath
org.freemarker:freemarker:2.3.32=dokkaGfmPartialPlugin,dokkaGfmPlugin,dokkaHtmlPartialPlugin,dokkaHtmlPlugin,dokkaJavadocPartialPlugin,dokkaJavadocPlugin,dokkaJekyllPartialPlugin,dokkaJekyllPlugin
org.jacoco:org.jacoco.agent:0.8.11=jacocoAgent,jacocoAnt
org.jacoco:org.jacoco.ant:0.8.11=jacocoAnt
org.jacoco:org.jacoco.core:0.8.11=jacocoAnt
org.jacoco:org.jacoco.report:0.8.11=jacocoAnt
org.jetbrains.dokka:analysis-kotlin-descriptors:1.9.20=dokkaGfmPartialPlugin,dokkaGfmPlugin,dokkaHtmlPartialPlugin,dokkaHtmlPlugin,dokkaJavadocPartialPlugin,dokkaJavadocPlugin,dokkaJekyllPartialPlugin,dokkaJekyllPlugin
org.jetbrains.dokka:analysis-markdown:1.9.20=dokkaGfmPartialPlugin,dokkaGfmPlugin,dokkaHtmlPartialPlugin,dokkaHtmlPlugin,dokkaJavadocPartialPlugin,dokkaJavadocPlugin,dokkaJekyllPartialPlugin,dokkaJekyllPlugin
org.jetbrains.dokka:dokka-base:1.9.20=dokkaGfmPartialPlugin,dokkaGfmPlugin,dokkaHtmlPartialPlugin,dokkaHtmlPlugin,dokkaJavadocPartialPlugin,dokkaJavadocPlugin,dokkaJekyllPartialPlugin,dokkaJekyllPlugin
org.jetbrains.dokka:dokka-core:1.9.20=dokkaGfmPartialRuntime,dokkaGfmRuntime,dokkaHtmlPartialRuntime,dokkaHtmlRuntime,dokkaJavadocPartialRuntime,dokkaJavadocRuntime,dokkaJekyllPartialRuntime,dokkaJekyllRuntime
org.jetbrains.dokka:javadoc-plugin:1.9.20=dokkaJavadocPlugin
org.jetbrains.dokka:kotlin-as-java-plugin:1.9.20=dokkaJavadocPlugin
org.jetbrains.intellij.deps:trove4j:1.0.20200330=kotlinBuildToolsApiClasspath,kotlinCompilerClasspath,kotlinKlibCommonizerClasspath
org.jetbrains.kotlin:kotlin-build-common:1.9.23=kotlinBuildToolsApiClasspath
org.jetbrains.kotlin:kotlin-build-tools-api:1.9.23=kotlinBuildToolsApiClasspath
org.jetbrains.kotlin:kotlin-build-tools-impl:1.9.23=kotlinBuildToolsApiClasspath
org.jetbrains.kotlin:kotlin-compiler-embeddable:1.9.23=kotlinBuildToolsApiClasspath,kotlinCompilerClasspath,kotlinKlibCommonizerClasspath
org.jetbrains.kotlin:kotlin-compiler-runner:1.9.23=kotlinBuildToolsApiClasspath
org.jetbrains.kotlin:kotlin-daemon-client:1.9.23=kotlinBuildToolsApiClasspath
org.jetbrains.kotlin:kotlin-daemon-embeddable:1.9.23=kotlinBuildToolsApiClasspath,kotlinCompilerClasspath,kotlinKlibCommonizerClasspath
org.jetbrains.kotlin:kotlin-klib-commonizer-embeddable:1.9.23=kotlinKlibCommonizerClasspath
org.jetbrains.kotlin:kotlin-reflect:1.6.10=kotlinBuildToolsApiClasspath,kotlinCompilerClasspath,kotlinKlibCommonizerClasspath
org.jetbrains.kotlin:kotlin-reflect:1.9.22=dokkaGfmPartialPlugin,dokkaGfmPartialRuntime,dokkaGfmPlugin,dokkaGfmRuntime,dokkaHtmlPartialPlugin,dokkaHtmlPartialRuntime,dokkaHtmlPlugin,dokkaHtmlRuntime,dokkaJavadocPartialPlugin,dokkaJavadocPartialRuntime,dokkaJavadocPlugin,dokkaJavadocRuntime,dokkaJekyllPartialPlugin,dokkaJekyllPartialRuntime,dokkaJekyllPlugin,dokkaJekyllRuntime
org.jetbrains.kotlin:kotlin-script-runtime:1.9.23=kotlinBuildToolsApiClasspath,kotlinCompilerClasspath,kotlinCompilerPluginClasspathMain,kotlinCompilerPluginClasspathTest,kotlinKlibCommonizerClasspath
org.jetbrains.kotlin:kotlin-scripting-common:1.9.23=kotlinCompilerPluginClasspathMain,kotlinCompilerPluginClasspathTest
org.jetbrains.kotlin:kotlin-scripting-compiler-embeddable:1.9.23=kotlinCompilerPluginClasspathMain,kotlinCompilerPluginClasspathTest
org.jetbrains.kotlin:kotlin-scripting-compiler-impl-embeddable:1.9.23=kotlinCompilerPluginClasspathMain,kotlinCompilerPluginClasspathTest
org.jetbrains.kotlin:kotlin-scripting-jvm:1.9.23=kotlinCompilerPluginClasspathMain,kotlinCompilerPluginClasspathTest
org.jetbrains.kotlin:kotlin-stdlib-common:1.9.22=dokkaGfmPartialPlugin,dokkaGfmPartialRuntime,dokkaGfmPlugin,dokkaGfmRuntime,dokkaHtmlPartialPlugin,dokkaHtmlPartialRuntime,dokkaHtmlPlugin,dokkaHtmlRuntime,dokkaJavadocPartialPlugin,dokkaJavadocPartialRuntime,dokkaJavadocPlugin,dokkaJavadocRuntime,dokkaJekyllPartialPlugin,dokkaJekyllPartialRuntime,dokkaJekyllPlugin,dokkaJekyllRuntime
org.jetbrains.kotlin:kotlin-stdlib-common:1.9.23=apiDependenciesMetadata,implementationDependenciesMetadata,testImplementationDependenciesMetadata
org.jetbrains.kotlin:kotlin-stdlib-jdk7:1.8.20=dokkaGfmPartialRuntime,dokkaGfmRuntime,dokkaHtmlPartialRuntime,dokkaHtmlRuntime,dokkaJavadocPartialRuntime,dokkaJavadocRuntime,dokkaJekyllPartialRuntime,dokkaJekyllRuntime
org.jetbrains.kotlin:kotlin-stdlib-jdk7:1.9.0=dokkaGfmPartialPlugin,dokkaGfmPlugin,dokkaHtmlPartialPlugin,dokkaHtmlPlugin,dokkaJavadocPartialPlugin,dokkaJavadocPlugin,dokkaJekyllPartialPlugin,dokkaJekyllPlugin
org.jetbrains.kotlin:kotlin-stdlib-jdk8:1.8.20=dokkaGfmPartialRuntime,dokkaGfmRuntime,dokkaHtmlPartialRuntime,dokkaHtmlRuntime,dokkaJavadocPartialRuntime,dokkaJavadocRuntime,dokkaJekyllPartialRuntime,dokkaJekyllRuntime
org.jetbrains.kotlin:kotlin-stdlib-jdk8:1.9.0=dokkaGfmPartialPlugin,dokkaGfmPlugin,dokkaHtmlPartialPlugin,dokkaHtmlPlugin,dokkaJavadocPartialPlugin,dokkaJavadocPlugin,dokkaJekyllPartialPlugin,dokkaJekyllPlugin
org.jetbrains.kotlin:kotlin-stdlib:1.9.22=dokkaGfmPartialPlugin,dokkaGfmPartialRuntime,dokkaGfmPlugin,dokkaGfmRuntime,dokkaHtmlPartialPlugin,dokkaHtmlPartialRuntime,dokkaHtmlPlugin,dokkaHtmlRuntime,dokkaJavadocPartialPlugin,dokkaJavadocPartialRuntime,dokkaJavadocPlugin,dokkaJavadocRuntime,dokkaJekyllPartialPlugin,dokkaJekyllPartialRuntime,dokkaJekyllPlugin,dokkaJekyllRuntime
org.jetbrains.kotlin:kotlin-stdlib:1.9.23=apiDependenciesMetadata,compileClasspath,implementationDependenciesMetadata,kotlinBuildToolsApiClasspath,kotlinCompilerClasspath,kotlinCompilerPluginClasspathMain,kotlinCompilerPluginClasspathTest,kotlinKlibCommonizerClasspath,runtimeClasspath,testCompileClasspath,testImplementationDependenciesMetadata,testRuntimeClasspath
org.jetbrains.kotlinx:atomicfu:0.23.1=apiDependenciesMetadata,implementationDependenciesMetadata,testImplementationDependenciesMetadata
org.jetbrains.kotlinx:kotlinx-coroutines-bom:1.7.3=dokkaGfmPartialPlugin,dokkaGfmPartialRuntime,dokkaGfmPlugin,dokkaGfmRuntime,dokkaHtmlPartialPlugin,dokkaHtmlPartialRuntime,dokkaHtmlPlugin,dokkaHtmlRuntime,dokkaJavadocPartialPlugin,dokkaJavadocPartialRuntime,dokkaJavadocPlugin,dokkaJavadocRuntime,dokkaJekyllPartialPlugin,dokkaJekyllPartialRuntime,dokkaJekyllPlugin,dokkaJekyllRuntime
org.jetbrains.kotlinx:kotlinx-coroutines-bom:1.8.1=compileClasspath,runtimeClasspath,testCompileClasspath,testRuntimeClasspath
org.jetbrains.kotlinx:kotlinx-coroutines-core-jvm:1.5.0=kotlinBuildToolsApiClasspath
org.jetbrains.kotlinx:kotlinx-coroutines-core-jvm:1.7.3=dokkaGfmPartialPlugin,dokkaGfmPartialRuntime,dokkaGfmPlugin,dokkaGfmRuntime,dokkaHtmlPartialPlugin,dokkaHtmlPartialRuntime,dokkaHtmlPlugin,dokkaHtmlRuntime,dokkaJavadocPartialPlugin,dokkaJavadocPartialRuntime,dokkaJavadocPlugin,dokkaJavadocRuntime,dokkaJekyllPartialPlugin,dokkaJekyllPartialRuntime,dokkaJekyllPlugin,dokkaJekyllRuntime
org.jetbrains.kotlinx:kotlinx-coroutines-core-jvm:1.8.1=compileClasspath,runtimeClasspath,testCompileClasspath,testRuntimeClasspath
org.jetbrains.kotlinx:kotlinx-coroutines-core:1.7.3=dokkaGfmPartialPlugin,dokkaGfmPartialRuntime,dokkaGfmPlugin,dokkaGfmRuntime,dokkaHtmlPartialPlugin,dokkaHtmlPartialRuntime,dokkaHtmlPlugin,dokkaHtmlRuntime,dokkaJavadocPartialPlugin,dokkaJavadocPartialRuntime,dokkaJavadocPlugin,dokkaJavadocRuntime,dokkaJekyllPartialPlugin,dokkaJekyllPartialRuntime,dokkaJekyllPlugin,dokkaJekyllRuntime
org.jetbrains.kotlinx:kotlinx-coroutines-core:1.8.1=apiDependenciesMetadata,compileClasspath,implementationDependenciesMetadata,runtimeClasspath,testCompileClasspath,testImplementationDependenciesMetadata,testRuntimeClasspath
org.jetbrains.kotlinx:kotlinx-html-jvm:0.9.1=dokkaGfmPartialPlugin,dokkaGfmPlugin,dokkaHtmlPartialPlugin,dokkaHtmlPlugin,dokkaJavadocPartialPlugin,dokkaJavadocPlugin,dokkaJekyllPartialPlugin,dokkaJekyllPlugin
org.jetbrains:annotations:13.0=kotlinBuildToolsApiClasspath,kotlinCompilerClasspath,kotlinCompilerPluginClasspathMain,kotlinCompilerPluginClasspathTest,kotlinKlibCommonizerClasspath
org.jetbrains:annotations:23.0.0=compileClasspath,dokkaGfmPartialPlugin,dokkaGfmPartialRuntime,dokkaGfmPlugin,dokkaGfmRuntime,dokkaHtmlPartialPlugin,dokkaHtmlPartialRuntime,dokkaHtmlPlugin,dokkaHtmlRuntime,dokkaJavadocPartialPlugin,dokkaJavadocPartialRuntime,dokkaJavadocPlugin,dokkaJavadocRuntime,dokkaJekyllPartialPlugin,dokkaJekyllPartialRuntime,dokkaJekyllPlugin,dokkaJekyllRuntime,runtimeClasspath,testCompileClasspath,testRuntimeClasspath
org.jetbrains:markdown-jvm:0.5.2=dokkaGfmPartialPlugin,dokkaGfmPlugin,dokkaHtmlPartialPlugin,dokkaHtmlPlugin,dokkaJavadocPartialPlugin,dokkaJavadocPlugin,dokkaJekyllPartialPlugin,dokkaJekyllPlugin
org.jetbrains:markdown:0.5.2=dokkaGfmPartialPlugin,dokkaGfmPlugin,dokkaHtmlPartialPlugin,dokkaHtmlPlugin,dokkaJavadocPartialPlugin,dokkaJavadocPlugin,dokkaJekyllPartialPlugin,dokkaJekyllPlugin
org.jsoup:jsoup:1.16.1=dokkaGfmPartialPlugin,dokkaGfmPlugin,dokkaHtmlPartialPlugin,dokkaHtmlPlugin,dokkaJavadocPartialPlugin,dokkaJavadocPlugin,dokkaJekyllPartialPlugin,dokkaJekyllPlugin
org.junit.jupiter:junit-jupiter-api:5.10.2=testCompileClasspath,testImplementationDependenciesMetadata,testRuntimeClasspath
org.junit.jupiter:junit-jupiter-engine:5.10.2=testRuntimeClasspath
org.junit.jupiter:junit-jupiter-params:5.10.2=testCompileClasspath,testImplementationDependenciesMetadata,testRuntimeClasspath
org.junit.jupiter:junit-jupiter:5.10.2=testCompileClasspath,testImplementationDependenciesMetadata,testRuntimeClasspath
org.junit.platform:junit-platform-commons:1.10.2=testCompileClasspath,testImplementationDependenciesMetadata,testRuntimeClasspath
org.junit.platform:junit-platform-engine:1.10.2=testRuntimeClasspath
org.junit.platform:junit-platform-launcher:1.10.2=testRuntimeClasspath
org.junit:junit-bom:5.10.2=testCompileClasspath,testImplementationDependenciesMetadata,testRuntimeClasspath
org.opentest4j:opentest4j:1.3.0=testCompileClasspath,testImplementationDependenciesMetadata,testRuntimeClasspath
org.ow2.asm:asm-commons:9.6=jacocoAnt
org.ow2.asm:asm-tree:9.6=jacocoAnt
org.ow2.asm:asm:9.6=jacocoAnt
org.slf4j:jul-to-slf4j:2.0.16=testCompileClasspath,testImplementationDependenciesMetadata,testRuntimeClasspath
org.slf4j:slf4j-api:2.0.16=testCompileClasspath,testImplementationDependenciesMetadata,testRuntimeClasspath
org.springframework.boot:spring-boot-autoconfigure:3.3.5=compileClasspath,compileOnlyDependenciesMetadata,testCompileClasspath,testImplementationDependenciesMetadata,testRuntimeClasspath
org.springframework.boot:spring-boot-starter-jdbc:3.3.5=testCompileClasspath,testImplementationDependenciesMetadata,testRuntimeClasspath
org.springframework.boot:spring-boot-starter-logging:3.3.5=testCompileClasspath,testImplementationDependenciesMetadata,testRuntimeClasspath
org.springframework.boot:spring-boot-starter:3.3.5=testCompileClasspath,testImplementationDependenciesMetadata,testRuntimeClasspath
org.springframework.boot:spring-boot-test:3.3.5=testCompileClasspath,testImplementationDependenciesMetadata,testRuntimeClasspath
org.springframework.boot:spring-boot:3.3.5=compileClasspath,compileOnlyDependenciesMetadata,testCompileClasspath,testImplementationDependenciesMetadata,testRuntimeClasspath
org.springframework:spring-aop:6.1.14=compileClasspath,compileOnlyDependenciesMetadata,testCompileClasspath,testImplementationDependenciesMetadata,testRuntimeClasspath
org.springframework:spring-beans:6.1.14=compileClasspath,compileOnlyDependenciesMetadata,testCompileClasspath,testImplementationDependenciesMetadata,testRuntimeClasspath
org.springframework:spring-context:6.1.14=compileClasspath,compileOnlyDependenciesMetadata,testCompileClasspath,testImplementationDependenciesMetadata,testRuntimeClasspath
org.springframework:spring-core:6.1.14=compileClasspath,compileOnlyDependenciesMetadata,testCompileClasspath,testImplementationDependenciesMetadata,testRuntimeClasspath
org.springframework:spring-expression:6.1.14=compileClasspath,compileOnlyDependenciesMetadata,testCompileClasspath,testImplementationDependenciesMetadata,testRuntimeClasspath
org.springframework:spring-jcl:6.1.14=compileClasspath,compileOnlyDependenciesMetadata,testCompileClasspath,testImplementationDependenciesMetadata,testRuntimeClasspath
org.springframework:spring-jdbc:6.1.14=compileClasspath,compileOnlyDependenciesMetadata,testCompileClasspath,testImplementationDependenciesMetadata,testRuntimeClasspath
org.springframework:spring-test:6.1.14=testCompileClasspath,testImplementationDependenciesMetadata,testRuntimeClasspath
org.springframework:spring-tx:6.1.14=compileClasspath,compileOnlyDependenciesMetadata,testCompileClasspath,testImplementationDependenciesMetadata,testRuntimeClasspath
org.yaml:snakeyaml:2.2=testCompileClasspath,testImplementationDependenciesMetadata,testRuntimeClasspath
empty=annotationProcessor,dokkaPlugin,dokkaRuntime,intransitiveDependenciesMetadata,kotlinCompilerPluginClasspath,kotlinNativeCompilerPluginClasspath,kotlinScriptDef,kotlinScriptDefExtensions,testAnnotationProcessor,testApiDependenciesMetadata,testCompileOnlyDependenciesMetadata,testIntransitiveDependenciesMetadata,testKotlinScriptDef,testKotlinScriptDefExtensions
